
Microsoft Visual Studio Solution File, Format Version 12.00
# Visual Studio 15
VisualStudioVersion = 15.0.28307.779
MinimumVisualStudioVersion = 10.0.40219.1
Project("{FAE04EC0-301F-11D3-BF4B-00C04F79EFBC}") = "DBFirstDemo", "DBFirstExample\DBFirstDemo\DBFirstDemo.csproj", "{0F383996-2295-40C4-A4EE-C5DE0FC720EE}"
EndProject
Project("{FAE04EC0-301F-11D3-BF4B-00C04F79EFBC}") = "CodeFirstDemo", "CodeFirstExample\CodeFirstDemo\CodeFirstDemo.csproj", "{075F973F-BAD1-4304-A7A3-3593C6225FBD}"
EndProject
Project("{FAE04EC0-301F-11D3-BF4B-00C04F79EFBC}") = "CodeFirstWorkFlow", "CodeFirstWorkflow\CodeFirstWorkFlow\CodeFirstWorkFlow.csproj", "{3E456C6E-3688-4484-AF40-07BDEC4E4BCC}"
EndProject
Project("{FAE04EC0-301F-11D3-BF4B-00C04F79EFBC}") = "CodeFirstExistingDB", "CodeFirstExistingDB\CodeFirstExistingDB\CodeFirstExistingDB.csproj", "{B5765EA4-9771-4800-9367-E33D8DF00E05}"
EndProject
Project("{FAE04EC0-301F-11D3-BF4B-00C04F79EFBC}") = "VidzyApp", "Section4Exercise\VidzyApp\VidzyApp.csproj", "{946F4E7B-0F5B-40C7-A557-5A757C0BEE50}"
EndProject
Global
	GlobalSection(SolutionConfigurationPlatforms) = preSolution
		Debug|Any CPU = Debug|Any CPU
		Release|Any CPU = Release|Any CPU
	EndGlobalSection
	GlobalSection(ProjectConfigurationPlatforms) = postSolution
		{0F383996-2295-40C4-A4EE-C5DE0FC720EE}.Debug|Any CPU.ActiveCfg = Debug|Any CPU
		{0F383996-2295-40C4-A4EE-C5DE0FC720EE}.Debug|Any CPU.Build.0 = Debug|Any CPU
		{0F383996-2295-40C4-A4EE-C5DE0FC720EE}.Release|Any CPU.ActiveCfg = Release|Any CPU
		{0F383996-2295-40C4-A4EE-C5DE0FC720EE}.Release|Any CPU.Build.0 = Release|Any CPU
		{075F973F-BAD1-4304-A7A3-3593C6225FBD}.Debug|Any CPU.ActiveCfg = Debug|Any CPU
		{075F973F-BAD1-4304-A7A3-3593C6225FBD}.Debug|Any CPU.Build.0 = Debug|Any CPU
		{075F973F-BAD1-4304-A7A3-3593C6225FBD}.Release|Any CPU.ActiveCfg = Release|Any CPU
		{075F973F-BAD1-4304-A7A3-3593C6225FBD}.Release|Any CPU.Build.0 = Release|Any CPU
		{3E456C6E-3688-4484-AF40-07BDEC4E4BCC}.Debug|Any CPU.ActiveCfg = Debug|Any CPU
		{3E456C6E-3688-4484-AF40-07BDEC4E4BCC}.Debug|Any CPU.Build.0 = Debug|Any CPU
		{3E456C6E-3688-4484-AF40-07BDEC4E4BCC}.Release|Any CPU.ActiveCfg = Release|Any CPU
		{3E456C6E-3688-4484-AF40-07BDEC4E4BCC}.Release|Any CPU.Build.0 = Release|Any CPU
		{B5765EA4-9771-4800-9367-E33D8DF00E05}.Debug|Any CPU.ActiveCfg = Debug|Any CPU
		{B5765EA4-9771-4800-9367-E33D8DF00E05}.Debug|Any CPU.Build.0 = Debug|Any CPU
		{B5765EA4-9771-4800-9367-E33D8DF00E05}.Release|Any CPU.ActiveCfg = Release|Any CPU
		{B5765EA4-9771-4800-9367-E33D8DF00E05}.Release|Any CPU.Build.0 = Release|Any CPU
		{946F4E7B-0F5B-40C7-A557-5A757C0BEE50}.Debug|Any CPU.ActiveCfg = Debug|Any CPU
		{946F4E7B-0F5B-40C7-A557-5A757C0BEE50}.Debug|Any CPU.Build.0 = Debug|Any CPU
		{946F4E7B-0F5B-40C7-A557-5A757C0BEE50}.Release|Any CPU.ActiveCfg = Release|Any CPU
		{946F4E7B-0F5B-40C7-A557-5A757C0BEE50}.Release|Any CPU.Build.0 = Release|Any CPU
	EndGlobalSection
	GlobalSection(SolutionProperties) = preSolution
		HideSolutionNode = FALSE
	EndGlobalSection
	GlobalSection(ExtensibilityGlobals) = postSolution
		SolutionGuid = {DFE60E91-918B-48C0-9D29-2BF66231548A}
	EndGlobalSection
EndGlobal
